{
  "name": "nobrainer-tech-flow",
  "version": "2.2.1",
  "lockfileVersion": 3,
  "requires": true,
  "packages": {
    "": {
      "name": "nobrainer-tech-flow",
      "version": "2.2.1",
      "license": "MIT",
      "bin": {
        "nobrainer-tech-flow": "bin/nobrainer-tech-flow.mjs"
      },
      "engines": {
        "node": ">=18"
      }
    }
  }
}
